
Microsoft Visual Studio Solution File, Format Version 11.00
# Visual Studio 2010
Project("{FAE04EC0-301F-11D3-BF4B-00C04F79EFBC}") = "Holf", "Holf\Holf.csproj", "{36C01125-1D00-4656-B7A4-AEBB517E308E}"
EndProject
Project("{FAE04EC0-301F-11D3-BF4B-00C04F79EFBC}") = "Holf.Tests", "Holf.Tests\Holf.Tests.csproj", "{7656B431-2648-4CC8-9DB8-C9DD78211D89}"
EndProject
Global
	GlobalSection(SolutionConfigurationPlatforms) = preSolution
		Debug|Any CPU = Debug|Any CPU
		Release|Any CPU = Release|Any CPU
	EndGlobalSection
	GlobalSection(ProjectConfigurationPlatforms) = postSolution
		{36C01125-1D00-4656-B7A4-AEBB517E308E}.Debug|Any CPU.ActiveCfg = Debug|Any CPU
		{36C01125-1D00-4656-B7A4-AEBB517E308E}.Debug|Any CPU.Build.0 = Debug|Any CPU
		{36C01125-1D00-4656-B7A4-AEBB517E308E}.Release|Any CPU.ActiveCfg = Release|Any CPU
		{36C01125-1D00-4656-B7A4-AEBB517E308E}.Release|Any CPU.Build.0 = Release|Any CPU
		{7656B431-2648-4CC8-9DB8-C9DD78211D89}.Debug|Any CPU.ActiveCfg = Debug|Any CPU
		{7656B431-2648-4CC8-9DB8-C9DD78211D89}.Debug|Any CPU.Build.0 = Debug|Any CPU
		{7656B431-2648-4CC8-9DB8-C9DD78211D89}.Release|Any CPU.ActiveCfg = Release|Any CPU
		{7656B431-2648-4CC8-9DB8-C9DD78211D89}.Release|Any CPU.Build.0 = Release|Any CPU
	EndGlobalSection
	GlobalSection(SolutionProperties) = preSolution
		HideSolutionNode = FALSE
	EndGlobalSection
EndGlobal
